
Microsoft Visual Studio Solution File, Format Version 12.00
# Visual Studio 15
VisualStudioVersion = 15.0.28307.106
MinimumVisualStudioVersion = 10.0.40219.1
Project("{FAE04EC0-301F-11D3-BF4B-00C04F79EFBC}") = "QGate.Core", "src\QGate.Core\QGate.Core.csproj", "{EAFC6F2A-DE43-4B91-955A-1D61FB9788D3}"
EndProject
Global
	GlobalSection(SolutionConfigurationPlatforms) = preSolution
		Debug|Any CPU = Debug|Any CPU
		Release|Any CPU = Release|Any CPU
	EndGlobalSection
	GlobalSection(ProjectConfigurationPlatforms) = postSolution
		{EAFC6F2A-DE43-4B91-955A-1D61FB9788D3}.Debug|Any CPU.ActiveCfg = Debug|Any CPU
		{EAFC6F2A-DE43-4B91-955A-1D61FB9788D3}.Debug|Any CPU.Build.0 = Debug|Any CPU
		{EAFC6F2A-DE43-4B91-955A-1D61FB9788D3}.Release|Any CPU.ActiveCfg = Release|Any CPU
		{EAFC6F2A-DE43-4B91-955A-1D61FB9788D3}.Release|Any CPU.Build.0 = Release|Any CPU
	EndGlobalSection
	GlobalSection(SolutionProperties) = preSolution
		HideSolutionNode = FALSE
	EndGlobalSection
	GlobalSection(ExtensibilityGlobals) = postSolution
		SolutionGuid = {584547DE-A51E-4BAD-BAC2-8B8E55B6B64A}
	EndGlobalSection
EndGlobal
